
Microsoft Visual Studio Solution File, Format Version 12.00
# Visual Studio Version 17
VisualStudioVersion = 17.10.34825.169
MinimumVisualStudioVersion = 10.0.40219.1
Project("{FAE04EC0-301F-11D3-BF4B-00C04F79EFBC}") = "ExpenseTracker", "ExpenseTracker\ExpenseTracker.csproj", "{319E48E6-FB05-4056-B101-F6024C33FB57}"
EndProject
Project("{2150E333-8FDC-42A3-9474-1A3956D46DE8}") = "Solution Items", "Solution Items", "{7B60B5B2-9E21-4D9F-923B-BA7E1E99896E}"
	ProjectSection(SolutionItems) = preProject
		.editorconfig = .editorconfig
	EndProjectSection
EndProject
Global
	GlobalSection(SolutionConfigurationPlatforms) = preSolution
		Debug|Any CPU = Debug|Any CPU
		Release|Any CPU = Release|Any CPU
	EndGlobalSection
	GlobalSection(ProjectConfigurationPlatforms) = postSolution
		{319E48E6-FB05-4056-B101-F6024C33FB57}.Debug|Any CPU.ActiveCfg = Debug|Any CPU
		{319E48E6-FB05-4056-B101-F6024C33FB57}.Debug|Any CPU.Build.0 = Debug|Any CPU
		{319E48E6-FB05-4056-B101-F6024C33FB57}.Release|Any CPU.ActiveCfg = Release|Any CPU
		{319E48E6-FB05-4056-B101-F6024C33FB57}.Release|Any CPU.Build.0 = Release|Any CPU
	EndGlobalSection
	GlobalSection(SolutionProperties) = preSolution
		HideSolutionNode = FALSE
	EndGlobalSection
	GlobalSection(ExtensibilityGlobals) = postSolution
		SolutionGuid = {4D0D78D9-CE6D-4117-BEA7-6AC43A19D05E}
	EndGlobalSection
EndGlobal
